// !$*UTF8*$!
{
	archiveVersion = 1;
	classes = {
	};
	objectVersion = 50;
	objects = {

/* Begin PBXBuildFile section */
		2D31D9DF256D6DE800608942 /* AppDelegate.swift in Sources */ = {isa = PBXBuildFile; fileRef = 2D31D9DE256D6DE800608942 /* AppDelegate.swift */; };
		2D31D9E1256D6DE800608942 /* SceneDelegate.swift in Sources */ = {isa = PBXBuildFile; fileRef = 2D31D9E0256D6DE800608942 /* SceneDelegate.swift */; };
		2D31D9E3256D6DE800608942 /* ViewController.swift in Sources */ = {isa = PBXBuildFile; fileRef = 2D31D9E2256D6DE800608942 /* ViewController.swift */; };
		2D31D9E6256D6DE800608942 /* Main.storyboard in Resources */ = {isa = PBXBuildFile; fileRef = 2D31D9E4256D6DE800608942 /* Main.storyboard */; };
		2D31D9E9256D6DE800608942 /* StickyChits.xcdatamodeld in Sources */ = {isa = PBXBuildFile; fileRef = 2D31D9E7256D6DE800608942 /* StickyChits.xcdatamodeld */; };
		2D31D9EB256D6DEA00608942 /* Assets.xcassets in Resources */ = {isa = PBXBuildFile; fileRef = 2D31D9EA256D6DEA00608942 /* Assets.xcassets */; };
		2D31D9EE256D6DEA00608942 /* LaunchScreen.storyboard in Resources */ = {isa = PBXBuildFile; fileRef = 2D31D9EC256D6DEA00608942 /* LaunchScreen.storyboard */; };
		2D31D9F9256D6DEA00608942 /* StickyChitsTests.swift in Sources */ = {isa = PBXBuildFile; fileRef = 2D31D9F8256D6DEA00608942 /* StickyChitsTests.swift */; };
/* End PBXBuildFile section */

/* Begin PBXContainerItemProxy section */
		2D31D9F5256D6DEA00608942 /* PBXContainerItemProxy */ = {
			isa = PBXContainerItemProxy;
			containerPortal = 2D31D9D3256D6DE800608942 /* Project object */;
			proxyType = 1;
			remoteGlobalIDString = 2D31D9DA256D6DE800608942;
			remoteInfo = StickyChits;
		};
/* End PBXContainerItemProxy section */

/* Begin PBXFileReference section */
		2D31D9DB256D6DE800608942 /* StickyChits.app */ = {isa = PBXFileReference; explicitFileType = wrapper.application; includeInIndex = 0; path = StickyChits.app; sourceTree = BUILT_PRODUCTS_DIR; };
		2D31D9DE256D6DE800608942 /* AppDelegate.swift */ = {isa = PBXFileReference; lastKnownFileType = sourcecode.swift; path = AppDelegate.swift; sourceTree = "<group>"; };
		2D31D9E0256D6DE800608942 /* SceneDelegate.swift */ = {isa = PBXFileReference; lastKnownFileType = sourcecode.swift; path = SceneDelegate.swift; sourceTree = "<group>"; };
		2D31D9E2256D6DE800608942 /* ViewController.swift */ = {isa = PBXFileReference; lastKnownFileType = sourcecode.swift; path = ViewController.swift; sourceTree = "<group>"; };
		2D31D9E5256D6DE800608942 /* Base */ = {isa = PBXFileReference; lastKnownFileType = file.storyboard; name = Base; path = Base.lproj/Main.storyboard; sourceTree = "<group>"; };
		2D31D9E8256D6DE800608942 /* StickyChits.xcdatamodel */ = {isa = PBXFileReference; lastKnownFileType = wrapper.xcdatamodel; path = StickyChits.xcdatamodel; sourceTree = "<group>"; };
		2D31D9EA256D6DEA00608942 /* Assets.xcassets */ = {isa = PBXFileReference; lastKnownFileType = folder.assetcatalog; path = Assets.xcassets; sourceTree = "<group>"; };
		2D31D9ED256D6DEA00608942 /* Base */ = {isa = PBXFileReference; lastKnownFileType = file.storyboard; name = Base; path = Base.lproj/LaunchScreen.storyboard; sourceTree = "<group>"; };
		2D31D9EF256D6DEA00608942 /* Info.plist */ = {isa = PBXFileReference; lastKnownFileType = text.plist.xml; path = Info.plist; sourceTree = "<group>"; };
		2D31D9F4256D6DEA00608942 /* StickyChitsTests.xctest */ = {isa = PBXFileReference; explicitFileType = wrapper.cfbundle; includeInIndex = 0; path = StickyChitsTests.xctest; sourceTree = BUILT_PRODUCTS_DIR; };
		2D31D9F8256D6DEA00608942 /* StickyChitsTests.swift */ = {isa = PBXFileReference; lastKnownFileType = sourcecode.swift; path = StickyChitsTests.swift; sourceTree = "<group>"; };
		2D31D9FA256D6DEA00608942 /* Info.plist */ = {isa = PBXFileReference; lastKnownFileType = text.plist.xml; path = Info.plist; sourceTree = "<group>"; };
/* End PBXFileReference section */

/* Begin PBXFrameworksBuildPhase section */
		2D31D9D8256D6DE800608942 /* Frameworks */ = {
			isa = PBXFrameworksBuildPhase;
			buildActionMask = 2147483647;
			files = (
			);
			runOnlyForDeploymentPostprocessing = 0;
		};
		2D31D9F1256D6DEA00608942 /* Frameworks */ = {
			isa = PBXFrameworksBuildPhase;
			buildActionMask = 2147483647;
			files = (
			);
			runOnlyForDeploymentPostprocessing = 0;
		};
/* End PBXFrameworksBuildPhase section */

/* Begin PBXGroup section */
		2D31D9D2256D6DE800608942 = {
			isa = PBXGroup;
			children = (
				2D31D9DD256D6DE800608942 /* StickyChits */,
				2D31D9F7256D6DEA00608942 /* StickyChitsTests */,
				2D31D9DC256D6DE800608942 /* Products */,
			);
			sourceTree = "<group>";
		};
		2D31D9DC256D6DE800608942 /* Products */ = {
			isa = PBXGroup;
			children = (
				2D31D9DB256D6DE800608942 /* StickyChits.app */,
				2D31D9F4256D6DEA00608942 /* StickyChitsTests.xctest */,
			);
			name = Products;
			sourceTree = "<group>";
		};
		2D31D9DD256D6DE800608942 /* StickyChits */ = {
			isa = PBXGroup;
			children = (
				2D31D9DE256D6DE800608942 /* AppDelegate.swift */,
				2D31D9E0256D6DE800608942 /* SceneDelegate.swift */,
				2D31D9E2256D6DE800608942 /* ViewController.swift */,
				2D31D9E4256D6DE800608942 /* Main.storyboard */,
				2D31D9EA256D6DEA00608942 /* Assets.xcassets */,
				2D31D9EC256D6DEA00608942 /* LaunchScreen.storyboard */,
				2D31D9EF256D6DEA00608942 /* Info.plist */,
				2D31D9E7256D6DE800608942 /* StickyChits.xcdatamodeld */,
			);
			path = StickyChits;
			sourceTree = "<group>";
		};
		2D31D9F7256D6DEA00608942 /* StickyChitsTests */ = {
			isa = PBXGroup;
			children = (
				2D31D9F8256D6DEA00608942 /* StickyChitsTests.swift */,
				2D31D9FA256D6DEA00608942 /* Info.plist */,
			);
			path = StickyChitsTests;
			sourceTree = "<group>";
		};
/* End PBXGroup section */

/* Begin PBXNativeTarget section */
		2D31D9DA256D6DE800608942 /* StickyChits */ = {
			isa = PBXNativeTarget;
			buildConfigurationList = 2D31D9FD256D6DEA00608942 /* Build configuration list for PBXNativeTarget "StickyChits" */;
			buildPhases = (
				2D31D9D7256D6DE800608942 /* Sources */,
				2D31D9D8256D6DE800608942 /* Frameworks */,
				2D31D9D9256D6DE800608942 /* Resources */,
			);
			buildRules = (
			);
			dependencies = (
			);
			name = StickyChits;
			productName = StickyChits;
			productReference = 2D31D9DB256D6DE800608942 /* StickyChits.app */;
			productType = "com.apple.product-type.application";
		};
		2D31D9F3256D6DEA00608942 /* StickyChitsTests */ = {
			isa = PBXNativeTarget;
			buildConfigurationList = 2D31DA00256D6DEA00608942 /* Build configuration list for PBXNativeTarget "StickyChitsTests" */;
			buildPhases = (
				2D31D9F0256D6DEA00608942 /* Sources */,
				2D31D9F1256D6DEA00608942 /* Frameworks */,
				2D31D9F2256D6DEA00608942 /* Resources */,
			);
			buildRules = (
			);
			dependencies = (
				2D31D9F6256D6DEA00608942 /* PBXTargetDependency */,
			);
			name = StickyChitsTests;
			productName = StickyChitsTests;
			productReference = 2D31D9F4256D6DEA00608942 /* StickyChitsTests.xctest */;
			productType = "com.apple.product-type.bundle.unit-test";
		};
/* End PBXNativeTarget section */

/* Begin PBXProject section */
		2D31D9D3256D6DE800608942 /* Project object */ = {
			isa = PBXProject;
			attributes = {
				LastSwiftUpdateCheck = 1170;
				LastUpgradeCheck = 1170;
				ORGANIZATIONNAME = Bala;
				TargetAttributes = {
					2D31D9DA256D6DE800608942 = {
						CreatedOnToolsVersion = 11.7;
					};
					2D31D9F3256D6DEA00608942 = {
						CreatedOnToolsVersion = 11.7;
						TestTargetID = 2D31D9DA256D6DE800608942;
					};
				};
			};
			buildConfigurationList = 2D31D9D6256D6DE800608942 /* Build configuration list for PBXProject "StickyChits" */;
			compatibilityVersion = "Xcode 9.3";
			developmentRegion = en;
			hasScannedForEncodings = 0;
			knownRegions = (
				en,
				Base,
			);
			mainGroup = 2D31D9D2256D6DE800608942;
			productRefGroup = 2D31D9DC256D6DE800608942 /* Products */;
			projectDirPath = "";
			projectRoot = "";
			targets = (
				2D31D9DA256D6DE800608942 /* StickyChits */,
				2D31D9F3256D6DEA00608942 /* StickyChitsTests */,
			);
		};
/* End PBXProject section */

/* Begin PBXResourcesBuildPhase section */
		2D31D9D9256D6DE800608942 /* Resources */ = {
			isa = PBXResourcesBuildPhase;
			buildActionMask = 2147483647;
			files = (
				2D31D9EE256D6DEA00608942 /* LaunchScreen.storyboard in Resources */,
				2D31D9EB256D6DEA00608942 /* Assets.xcassets in Resources */,
				2D31D9E6256D6DE800608942 /* Main.storyboard in Resources */,
			);
			runOnlyForDeploymentPostprocessing = 0;
		};
		2D31D9F2256D6DEA00608942 /* Resources */ = {
			isa = PBXResourcesBuildPhase;
			buildActionMask = 2147483647;
			files = (
			);
			runOnlyForDeploymentPostprocessing = 0;
		};
/* End PBXResourcesBuildPhase section */

/* Begin PBXSourcesBuildPhase section */
		2D31D9D7256D6DE800608942 /* Sources */ = {
			isa = PBXSourcesBuildPhase;
			buildActionMask = 2147483647;
			files = (
				2D31D9E3256D6DE800608942 /* ViewController.swift in Sources */,
				2D31D9DF256D6DE800608942 /* AppDelegate.swift in Sources */,
				2D31D9E9256D6DE800608942 /* StickyChits.xcdatamodeld in Sources */,
				2D31D9E1256D6DE800608942 /* SceneDelegate.swift in Sources */,
			);
			runOnlyForDeploymentPostprocessing = 0;
		};
		2D31D9F0256D6DEA00608942 /* Sources */ = {
			isa = PBXSourcesBuildPhase;
			buildActionMask = 2147483647;
			files = (
				2D31D9F9256D6DEA00608942 /* StickyChitsTests.swift in Sources */,
			);
			runOnlyForDeploymentPostprocessing = 0;
		};
/* End PBXSourcesBuildPhase section */

/* Begin PBXTargetDependency section */
		2D31D9F6256D6DEA00608942 /* PBXTargetDependency */ = {
			isa = PBXTargetDependency;
			target = 2D31D9DA256D6DE800608942 /* StickyChits */;
			targetProxy = 2D31D9F5256D6DEA00608942 /* PBXContainerItemProxy */;
		};
/* End PBXTargetDependency section */

/* Begin PBXVariantGroup section */
		2D31D9E4256D6DE800608942 /* Main.storyboard */ = {
			isa = PBXVariantGroup;
			children = (
				2D31D9E5256D6DE800608942 /* Base */,
			);
			name = Main.storyboard;
			sourceTree = "<group>";
		};
		2D31D9EC256D6DEA00608942 /* LaunchScreen.storyboard */ = {
			isa = PBXVariantGroup;
			children = (
				2D31D9ED256D6DEA00608942 /* Base */,
			);
			name = LaunchScreen.storyboard;
			sourceTree = "<group>";
		};
/* End PBXVariantGroup section */

/* Begin XCBuildConfiguration section */
		2D31D9FB256D6DEA00608942 /* Debug */ = {
			isa = XCBuildConfiguration;
			buildSettings = {
				ALWAYS_SEARCH_USER_PATHS = NO;
				CLANG_ANALYZER_NONNULL = YES;
				CLANG_ANALYZER_NUMBER_OBJECT_CONVERSION = YES_AGGRESSIVE;
				CLANG_CXX_LANGUAGE_STANDARD = "gnu++14";
				CLANG_CXX_LIBRARY = "libc++";
				CLANG_ENABLE_MODULES = YES;
				CLANG_ENABLE_OBJC_ARC = YES;
				CLANG_ENABLE_OBJC_WEAK = YES;
				CLANG_WARN_BLOCK_CAPTURE_AUTORELEASING = YES;
				CLANG_WARN_BOOL_CONVERSION = YES;
				CLANG_WARN_COMMA = YES;
				CLANG_WARN_CONSTANT_CONVERSION = YES;
				CLANG_WARN_DEPRECATED_OBJC_IMPLEMENTATIONS = YES;
				CLANG_WARN_DIRECT_OBJC_ISA_USAGE = YES_ERROR;
				CLANG_WARN_DOCUMENTATION_COMMENTS = YES;
				CLANG_WARN_EMPTY_BODY = YES;
				CLANG_WARN_ENUM_CONVERSION = YES;
				CLANG_WARN_INFINITE_RECURSION = YES;
				CLANG_WARN_INT_CONVERSION = YES;
				CLANG_WARN_NON_LITERAL_NULL_CONVERSION = YES;
				CLANG_WARN_OBJC_IMPLICIT_RETAIN_SELF = YES;
				CLANG_WARN_OBJC_LITERAL_CONVERSION = YES;
				CLANG_WARN_OBJC_ROOT_CLASS = YES_ERROR;
				CLANG_WARN_RANGE_LOOP_ANALYSIS = YES;
				CLANG_WARN_STRICT_PROTOTYPES = YES;
				CLANG_WARN_SUSPICIOUS_MOVE = YES;
				CLANG_WARN_UNGUARDED_AVAILABILITY = YES_AGGRESSIVE;
				CLANG_WARN_UNREACHABLE_CODE = YES;
				CLANG_WARN__DUPLICATE_METHOD_MATCH = YES;
				COPY_PHASE_STRIP = NO;
				DEBUG_INFORMATION_FORMAT = dwarf;
				ENABLE_STRICT_OBJC_MSGSEND = YES;
				ENABLE_TESTABILITY = YES;
				GCC_C_LANGUAGE_STANDARD = gnu11;
				GCC_DYNAMIC_NO_PIC = NO;
				GCC_NO_COMMON_BLOCKS = YES;
				GCC_OPTIMIZATION_LEVEL = 0;
				GCC_PREPROCESSOR_DEFINITIONS = (
					"DEBUG=1",
					"$(inherited)",
				);
				GCC_WARN_64_TO_32_BIT_CONVERSION = YES;
				GCC_WARN_ABOUT_RETURN_TYPE = YES_ERROR;
				GCC_WARN_UNDECLARED_SELECTOR = YES;
				GCC_WARN_UNINITIALIZED_AUTOS = YES_AGGRESSIVE;
				GCC_WARN_UNUSED_FUNCTION = YES;
				GCC_WARN_UNUSED_VARIABLE = YES;
				IPHONEOS_DEPLOYMENT_TARGET = 13.7;
				MTL_ENABLE_DEBUG_INFO = INCLUDE_SOURCE;
				MTL_FAST_MATH = YES;
				ONLY_ACTIVE_ARCH = YES;
				SDKROOT = iphoneos;
				SWIFT_ACTIVE_COMPILATION_CONDITIONS = DEBUG;
				SWIFT_OPTIMIZATION_LEVEL = "-Onone";
			};
			name = Debug;
		};
		2D31D9FC256D6DEA00608942 /* Release */ = {
			isa = XCBuildConfiguration;
			buildSettings = {
				ALWAYS_SEARCH_USER_PATHS = NO;
				CLANG_ANALYZER_NONNULL = YES;
				CLANG_ANALYZER_NUMBER_OBJECT_CONVERSION = YES_AGGRESSIVE;
				CLANG_CXX_LANGUAGE_STANDARD = "gnu++14";
				CLANG_CXX_LIBRARY = "libc++";
				CLANG_ENABLE_MODULES = YES;
				CLANG_ENABLE_OBJC_ARC = YES;
				CLANG_ENABLE_OBJC_WEAK = YES;
				CLANG_WARN_BLOCK_CAPTURE_AUTORELEASING = YES;
				CLANG_WARN_BOOL_CONVERSION = YES;
				CLANG_WARN_COMMA = YES;
				CLANG_WARN_CONSTANT_CONVERSION = YES;
				CLANG_WARN_DEPRECATED_OBJC_IMPLEMENTATIONS = YES;
				CLANG_WARN_DIRECT_OBJC_ISA_USAGE = YES_ERROR;
				CLANG_WARN_DOCUMENTATION_COMMENTS = YES;
				CLANG_WARN_EMPTY_BODY = YES;
				CLANG_WARN_ENUM_CONVERSION = YES;
				CLANG_WARN_INFINITE_RECURSION = YES;
				CLANG_WARN_INT_CONVERSION = YES;
				CLANG_WARN_NON_LITERAL_NULL_CONVERSION = YES;
				CLANG_WARN_OBJC_IMPLICIT_RETAIN_SELF = YES;
				CLANG_WARN_OBJC_LITERAL_CONVERSION = YES;
				CLANG_WARN_OBJC_ROOT_CLASS = YES_ERROR;
				CLANG_WARN_RANGE_LOOP_ANALYSIS = YES;
				CLANG_WARN_STRICT_PROTOTYPES = YES;
				CLANG_WARN_SUSPICIOUS_MOVE = YES;
				CLANG_WARN_UNGUARDED_AVAILABILITY = YES_AGGRESSIVE;
				CLANG_WARN_UNREACHABLE_CODE = YES;
				CLANG_WARN__DUPLICATE_METHOD_MATCH = YES;
				COPY_PHASE_STRIP = NO;
				DEBUG_INFORMATION_FORMAT = "dwarf-with-dsym";
				ENABLE_NS_ASSERTIONS = NO;
				ENABLE_STRICT_OBJC_MSGSEND = YES;
				GCC_C_LANGUAGE_STANDARD = gnu11;
				GCC_NO_COMMON_BLOCKS = YES;
				GCC_WARN_64_TO_32_BIT_CONVERSION = YES;
				GCC_WARN_ABOUT_RETURN_TYPE = YES_ERROR;
				GCC_WARN_UNDECLARED_SELECTOR = YES;
				GCC_WARN_UNINITIALIZED_AUTOS = YES_AGGRESSIVE;
				GCC_WARN_UNUSED_FUNCTION = YES;
				GCC_WARN_UNUSED_VARIABLE = YES;
				IPHONEOS_DEPLOYMENT_TARGET = 13.7;
				MTL_ENABLE_DEBUG_INFO = NO;
				MTL_FAST_MATH = YES;
				SDKROOT = iphoneos;
				SWIFT_COMPILATION_MODE = wholemodule;
				SWIFT_OPTIMIZATION_LEVEL = "-O";
				VALIDATE_PRODUCT = YES;
			};
			name = Release;
		};
		2D31D9FE256D6DEA00608942 /* Debug */ = {
			isa = XCBuildConfiguration;
			buildSettings = {
				ASSETCATALOG_COMPILER_APPICON_NAME = AppIcon;
				CODE_SIGN_STYLE = Automatic;
				DEVELOPMENT_TEAM = 8885TU6UFQ;
				INFOPLIST_FILE = StickyChits/Info.plist;
				LD_RUNPATH_SEARCH_PATHS = (
					"$(inherited)",
					"@executable_path/Frameworks",
				);
				PRODUCT_BUNDLE_IDENTIFIER = bala.com.StickyChits;
				PRODUCT_NAME = "$(TARGET_NAME)";
				SWIFT_VERSION = 5.0;
				TARGETED_DEVICE_FAMILY = "1,2";
			};
			name = Debug;
		};
		2D31D9FF256D6DEA00608942 /* Release */ = {
			isa = XCBuildConfiguration;
			buildSettings = {
				ASSETCATALOG_COMPILER_APPICON_NAME = AppIcon;
				CODE_SIGN_STYLE = Automatic;
				DEVELOPMENT_TEAM = 8885TU6UFQ;
				INFOPLIST_FILE = StickyChits/Info.plist;
				LD_RUNPATH_SEARCH_PATHS = (
					"$(inherited)",
					"@executable_path/Frameworks",
				);
				PRODUCT_BUNDLE_IDENTIFIER = bala.com.StickyChits;
				PRODUCT_NAME = "$(TARGET_NAME)";
				SWIFT_VERSION = 5.0;
				TARGETED_DEVICE_FAMILY = "1,2";
			};
			name = Release;
		};
		2D31DA01256D6DEA00608942 /* Debug */ = {
			isa = XCBuildConfiguration;
			buildSettings = {
				ALWAYS_EMBED_SWIFT_STANDARD_LIBRARIES = YES;
				BUNDLE_LOADER = "$(TEST_HOST)";
				CODE_SIGN_STYLE = Automatic;
				DEVELOPMENT_TEAM = 8885TU6UFQ;
				INFOPLIST_FILE = StickyChitsTests/Info.plist;
				IPHONEOS_DEPLOYMENT_TARGET = 13.7;
				LD_RUNPATH_SEARCH_PATHS = (
					"$(inherited)",
					"@executable_path/Frameworks",
					"@loader_path/Frameworks",
				);
				PRODUCT_BUNDLE_IDENTIFIER = bala.com.StickyChitsTests;
				PRODUCT_NAME = "$(TARGET_NAME)";
				SWIFT_VERSION = 5.0;
				TARGETED_DEVICE_FAMILY = "1,2";
				TEST_HOST = "$(BUILT_PRODUCTS_DIR)/StickyChits.app/StickyChits";
			};
			name = Debug;
		};
		2D31DA02256D6DEA00608942 /* Release */ = {
			isa = XCBuildConfiguration;
			buildSettings = {
				ALWAYS_EMBED_SWIFT_STANDARD_LIBRARIES = YES;
				BUNDLE_LOADER = "$(TEST_HOST)";
				CODE_SIGN_STYLE = Automatic;
				DEVELOPMENT_TEAM = 8885TU6UFQ;
				INFOPLIST_FILE = StickyChitsTests/Info.plist;
				IPHONEOS_DEPLOYMENT_TARGET = 13.7;
				LD_RUNPATH_SEARCH_PATHS = (
					"$(inherited)",
					"@executable_path/Frameworks",
					"@loader_path/Frameworks",
				);
				PRODUCT_BUNDLE_IDENTIFIER = bala.com.StickyChitsTests;
				PRODUCT_NAME = "$(TARGET_NAME)";
				SWIFT_VERSION = 5.0;
				TARGETED_DEVICE_FAMILY = "1,2";
				TEST_HOST = "$(BUILT_PRODUCTS_DIR)/StickyChits.app/StickyChits";
			};
			name = Release;
		};
/* End XCBuildConfiguration section */

/* Begin XCConfigurationList section */
		2D31D9D6256D6DE800608942 /* Build configuration list for PBXProject "StickyChits" */ = {
			isa = XCConfigurationList;
			buildConfigurations = (
				2D31D9FB256D6DEA00608942 /* Debug */,
				2D31D9FC256D6DEA00608942 /* Release */,
			);
			defaultConfigurationIsVisible = 0;
			defaultConfigurationName = Release;
		};
		2D31D9FD256D6DEA00608942 /* Build configuration list for PBXNativeTarget "StickyChits" */ = {
			isa = XCConfigurationList;
			buildConfigurations = (
				2D31D9FE256D6DEA00608942 /* Debug */,
				2D31D9FF256D6DEA00608942 /* Release */,
			);
			defaultConfigurationIsVisible = 0;
			defaultConfigurationName = Release;
		};
		2D31DA00256D6DEA00608942 /* Build configuration list for PBXNativeTarget "StickyChitsTests" */ = {
			isa = XCConfigurationList;
			buildConfigurations = (
				2D31DA01256D6DEA00608942 /* Debug */,
				2D31DA02256D6DEA00608942 /* Release */,
			);
			defaultConfigurationIsVisible = 0;
			defaultConfigurationName = Release;
		};
/* End XCConfigurationList section */

/* Begin XCVersionGroup section */
		2D31D9E7256D6DE800608942 /* StickyChits.xcdatamodeld */ = {
			isa = XCVersionGroup;
			children = (
				2D31D9E8256D6DE800608942 /* StickyChits.xcdatamodel */,
			);
			currentVersion = 2D31D9E8256D6DE800608942 /* StickyChits.xcdatamodel */;
			path = StickyChits.xcdatamodeld;
			sourceTree = "<group>";
			versionGroupType = wrapper.xcdatamodel;
		};
/* End XCVersionGroup section */
	};
	rootObject = 2D31D9D3256D6DE800608942 /* Project object */;
}
